
Microsoft Visual Studio Solution File, Format Version 12.00
# Visual Studio Version 17
VisualStudioVersion = 17.5.002.0
MinimumVisualStudioVersion = 10.0.40219.1
Project("{9A19103F-16F7-4668-BE54-9A1E7A4F7556}") = "FirstWebMVC", "FirstWebMVC.csproj", "{2247C47A-184D-4562-96B6-FC200DB1325A}"
EndProject
Global
	GlobalSection(SolutionConfigurationPlatforms) = preSolution
		Debug|Any CPU = Debug|Any CPU
		Release|Any CPU = Release|Any CPU
	EndGlobalSection
	GlobalSection(ProjectConfigurationPlatforms) = postSolution
		{2247C47A-184D-4562-96B6-FC200DB1325A}.Debug|Any CPU.ActiveCfg = Debug|Any CPU
		{2247C47A-184D-4562-96B6-FC200DB1325A}.Debug|Any CPU.Build.0 = Debug|Any CPU
		{2247C47A-184D-4562-96B6-FC200DB1325A}.Release|Any CPU.ActiveCfg = Release|Any CPU
		{2247C47A-184D-4562-96B6-FC200DB1325A}.Release|Any CPU.Build.0 = Release|Any CPU
	EndGlobalSection
	GlobalSection(SolutionProperties) = preSolution
		HideSolutionNode = FALSE
	EndGlobalSection
	GlobalSection(ExtensibilityGlobals) = postSolution
		SolutionGuid = {2FFDBB15-281C-4DC2-8D78-7ABC718814D0}
	EndGlobalSection
EndGlobal
