
Microsoft Visual Studio Solution File, Format Version 12.00
# Visual Studio Version 17
VisualStudioVersion = 17.5.002.0
MinimumVisualStudioVersion = 10.0.40219.1
Project("{9A19103F-16F7-4668-BE54-9A1E7A4F7556}") = "MvcMovie", "MvcMovie.csproj", "{54E29C8A-E49F-47B5-879A-3BEB9ACA56A5}"
EndProject
Global
	GlobalSection(SolutionConfigurationPlatforms) = preSolution
		Debug|Any CPU = Debug|Any CPU
		Release|Any CPU = Release|Any CPU
	EndGlobalSection
	GlobalSection(ProjectConfigurationPlatforms) = postSolution
		{54E29C8A-E49F-47B5-879A-3BEB9ACA56A5}.Debug|Any CPU.ActiveCfg = Debug|Any CPU
		{54E29C8A-E49F-47B5-879A-3BEB9ACA56A5}.Debug|Any CPU.Build.0 = Debug|Any CPU
		{54E29C8A-E49F-47B5-879A-3BEB9ACA56A5}.Release|Any CPU.ActiveCfg = Release|Any CPU
		{54E29C8A-E49F-47B5-879A-3BEB9ACA56A5}.Release|Any CPU.Build.0 = Release|Any CPU
	EndGlobalSection
	GlobalSection(SolutionProperties) = preSolution
		HideSolutionNode = FALSE
	EndGlobalSection
	GlobalSection(ExtensibilityGlobals) = postSolution
		SolutionGuid = {51602223-0B27-4B40-9B02-2E41E78230F4}
	EndGlobalSection
EndGlobal
